
Microsoft Visual Studio Solution File, Format Version 12.00
# Visual Studio Version 17
VisualStudioVersion = 17.13.35731.43 d17.13
MinimumVisualStudioVersion = 10.0.40219.1
Project("{FAE04EC0-301F-11D3-BF4B-00C04F79EFBC}") = "AsyncProgramming", "AsyncProgramming\AsyncProgramming.csproj", "{114BE646-CFEA-42BA-947F-CAD8A7F21EAC}"
EndProject
Global
	GlobalSection(SolutionConfigurationPlatforms) = preSolution
		Debug|Any CPU = Debug|Any CPU
		Release|Any CPU = Release|Any CPU
	EndGlobalSection
	GlobalSection(ProjectConfigurationPlatforms) = postSolution
		{114BE646-CFEA-42BA-947F-CAD8A7F21EAC}.Debug|Any CPU.ActiveCfg = Debug|Any CPU
		{114BE646-CFEA-42BA-947F-CAD8A7F21EAC}.Debug|Any CPU.Build.0 = Debug|Any CPU
		{114BE646-CFEA-42BA-947F-CAD8A7F21EAC}.Release|Any CPU.ActiveCfg = Release|Any CPU
		{114BE646-CFEA-42BA-947F-CAD8A7F21EAC}.Release|Any CPU.Build.0 = Release|Any CPU
	EndGlobalSection
	GlobalSection(SolutionProperties) = preSolution
		HideSolutionNode = FALSE
	EndGlobalSection
	GlobalSection(ExtensibilityGlobals) = postSolution
		SolutionGuid = {9AE4FD67-06B0-4818-9542-2D6188395B48}
	EndGlobalSection
EndGlobal
